
Microsoft Visual Studio Solution File, Format Version 12.00
# Visual Studio Version 16
VisualStudioVersion = 16.0.30907.101
MinimumVisualStudioVersion = 10.0.40219.1
Project("{9A19103F-16F7-4668-BE54-9A1E7A4F7556}") = "AdiPOS", "AdiPOS.csproj", "{E574ADE7-DCDB-41B9-9CD5-C63CB3812828}"
EndProject
Project("{9A19103F-16F7-4668-BE54-9A1E7A4F7556}") = "Database", "AdiPOS\Database\Database.csproj", "{17C71095-9F44-49FB-9D08-204353BD88D4}"
EndProject
Project("{9A19103F-16F7-4668-BE54-9A1E7A4F7556}") = "Repository", "AdiPOS\Repository\Repository.csproj", "{C8D9E12E-DEB8-4443-8E1A-A782B430BF71}"
EndProject
Project("{9A19103F-16F7-4668-BE54-9A1E7A4F7556}") = "Service", "AdiPOS\Service\Service.csproj", "{3AC3A6D1-6FCA-4E69-9EB4-3FC138245AFA}"
EndProject
Global
	GlobalSection(SolutionConfigurationPlatforms) = preSolution
		Debug|Any CPU = Debug|Any CPU
		Release|Any CPU = Release|Any CPU
	EndGlobalSection
	GlobalSection(ProjectConfigurationPlatforms) = postSolution
		{E574ADE7-DCDB-41B9-9CD5-C63CB3812828}.Debug|Any CPU.ActiveCfg = Debug|Any CPU
		{E574ADE7-DCDB-41B9-9CD5-C63CB3812828}.Debug|Any CPU.Build.0 = Debug|Any CPU
		{E574ADE7-DCDB-41B9-9CD5-C63CB3812828}.Release|Any CPU.ActiveCfg = Release|Any CPU
		{E574ADE7-DCDB-41B9-9CD5-C63CB3812828}.Release|Any CPU.Build.0 = Release|Any CPU
		{17C71095-9F44-49FB-9D08-204353BD88D4}.Debug|Any CPU.ActiveCfg = Debug|Any CPU
		{17C71095-9F44-49FB-9D08-204353BD88D4}.Debug|Any CPU.Build.0 = Debug|Any CPU
		{17C71095-9F44-49FB-9D08-204353BD88D4}.Release|Any CPU.ActiveCfg = Release|Any CPU
		{17C71095-9F44-49FB-9D08-204353BD88D4}.Release|Any CPU.Build.0 = Release|Any CPU
		{C8D9E12E-DEB8-4443-8E1A-A782B430BF71}.Debug|Any CPU.ActiveCfg = Debug|Any CPU
		{C8D9E12E-DEB8-4443-8E1A-A782B430BF71}.Debug|Any CPU.Build.0 = Debug|Any CPU
		{C8D9E12E-DEB8-4443-8E1A-A782B430BF71}.Release|Any CPU.ActiveCfg = Release|Any CPU
		{C8D9E12E-DEB8-4443-8E1A-A782B430BF71}.Release|Any CPU.Build.0 = Release|Any CPU
		{3AC3A6D1-6FCA-4E69-9EB4-3FC138245AFA}.Debug|Any CPU.ActiveCfg = Debug|Any CPU
		{3AC3A6D1-6FCA-4E69-9EB4-3FC138245AFA}.Debug|Any CPU.Build.0 = Debug|Any CPU
		{3AC3A6D1-6FCA-4E69-9EB4-3FC138245AFA}.Release|Any CPU.ActiveCfg = Release|Any CPU
		{3AC3A6D1-6FCA-4E69-9EB4-3FC138245AFA}.Release|Any CPU.Build.0 = Release|Any CPU
	EndGlobalSection
	GlobalSection(SolutionProperties) = preSolution
		HideSolutionNode = FALSE
	EndGlobalSection
	GlobalSection(ExtensibilityGlobals) = postSolution
		SolutionGuid = {A4E1A6EE-7E8B-4639-9022-C0794C7CC4BA}
	EndGlobalSection
EndGlobal
